
Microsoft Visual Studio Solution File, Format Version 12.00
# Visual Studio Version 17
VisualStudioVersion = 17.2.32516.85
MinimumVisualStudioVersion = 10.0.40219.1
Project("{9A19103F-16F7-4668-BE54-9A1E7A4F7556}") = "Tuber.API", "Tuber.API\Tuber.API.csproj", "{A3EC147C-55C5-4869-B2A5-66CE295A7898}"
EndProject
Project("{9A19103F-16F7-4668-BE54-9A1E7A4F7556}") = "Tuber.Domain", "Tuber.Domain\Tuber.Domain.csproj", "{39D6D0D1-A589-4F81-81DC-745B175F9295}"
EndProject
Project("{2150E333-8FDC-42A3-9474-1A3956D46DE8}") = "Solution Items", "Solution Items", "{37441188-A686-487B-A9FC-C950FB7B29A7}"
	ProjectSection(SolutionItems) = preProject
		.editorconfig = .editorconfig
		Architecture.txt = Architecture.txt
		Artifacts.txt = Artifacts.txt
		Nomenclature.txt = Nomenclature.txt
		Procedures.txt = Procedures.txt
		SavedCode.txt = SavedCode.txt
	EndProjectSection
EndProject
Project("{2150E333-8FDC-42A3-9474-1A3956D46DE8}") = "src", "src", "{601BA5A4-59BF-4E10-B498-0B55783AC9C9}"
EndProject
Project("{9A19103F-16F7-4668-BE54-9A1E7A4F7556}") = "Tuber.BLL", "Tuber.BLL\Tuber.BLL.csproj", "{481DC610-DFC4-48DA-AF0E-9D17F451B61B}"
EndProject
Project("{9A19103F-16F7-4668-BE54-9A1E7A4F7556}") = "Tuber.Core", "Tuber.Core\Tuber.Core.csproj", "{1893CC76-3953-4530-B59A-43033BF626B0}"
EndProject
Project("{9A19103F-16F7-4668-BE54-9A1E7A4F7556}") = "Tuber.DAL", "Tuber.DAL\Tuber.DAL.csproj", "{7CE29D90-D0AE-4812-8FD4-7B8FCC5F3CAF}"
EndProject
Project("{9A19103F-16F7-4668-BE54-9A1E7A4F7556}") = "Tuber.SystemClock", "Tuber.SystemClock\Tuber.SystemClock.csproj", "{E4268970-8E77-42D6-8BFD-D30039D59488}"
EndProject
Project("{9A19103F-16F7-4668-BE54-9A1E7A4F7556}") = "Tuber.Authentication", "Tuber.Users\Tuber.Authentication.csproj", "{3C676D60-43DC-4718-AC74-A5703781D402}"
EndProject
Project("{9A19103F-16F7-4668-BE54-9A1E7A4F7556}") = "Tuber.FileSystem", "Tuber.FileSystem\Tuber.FileSystem.csproj", "{F60F3B03-4C86-4EA3-A626-63942D2A72C6}"
EndProject
Project("{9A19103F-16F7-4668-BE54-9A1E7A4F7556}") = "Tuber.UnitTests.BLL", "Tuber.UnitTests.BLL\Tuber.UnitTests.BLL.csproj", "{4B5230C0-D1AE-4AA7-B2C3-D832CBEDCD84}"
EndProject
Project("{9A19103F-16F7-4668-BE54-9A1E7A4F7556}") = "Tuber.UnitTests.Core", "Tuber.UnitTests.Core\Tuber.UnitTests.Core.csproj", "{0515191C-D9AB-4969-9FB3-45C9885D1F8C}"
EndProject
Project("{9A19103F-16F7-4668-BE54-9A1E7A4F7556}") = "Tuber.UnitTests.Domain", "Tuber.UnitTests.Domain\Tuber.UnitTests.Domain.csproj", "{0CC2665C-6F87-4DB4-B7C4-8BB2C80D2E88}"
EndProject
Project("{9A19103F-16F7-4668-BE54-9A1E7A4F7556}") = "Tuber.UnitTests.FileSystem", "Tuber.UnitTests.FileSystem\Tuber.UnitTests.FileSystem.csproj", "{1A141BE4-19A3-420D-8BDA-DB4E47C41B2D}"
EndProject
Project("{2150E333-8FDC-42A3-9474-1A3956D46DE8}") = "tests", "tests", "{347C6D68-4920-4E8F-81AF-FFD20FD431A1}"
EndProject
Global
	GlobalSection(SolutionConfigurationPlatforms) = preSolution
		Debug|Any CPU = Debug|Any CPU
		Release|Any CPU = Release|Any CPU
	EndGlobalSection
	GlobalSection(ProjectConfigurationPlatforms) = postSolution
		{A3EC147C-55C5-4869-B2A5-66CE295A7898}.Debug|Any CPU.ActiveCfg = Debug|Any CPU
		{A3EC147C-55C5-4869-B2A5-66CE295A7898}.Debug|Any CPU.Build.0 = Debug|Any CPU
		{A3EC147C-55C5-4869-B2A5-66CE295A7898}.Release|Any CPU.ActiveCfg = Release|Any CPU
		{A3EC147C-55C5-4869-B2A5-66CE295A7898}.Release|Any CPU.Build.0 = Release|Any CPU
		{39D6D0D1-A589-4F81-81DC-745B175F9295}.Debug|Any CPU.ActiveCfg = Debug|Any CPU
		{39D6D0D1-A589-4F81-81DC-745B175F9295}.Debug|Any CPU.Build.0 = Debug|Any CPU
		{39D6D0D1-A589-4F81-81DC-745B175F9295}.Release|Any CPU.ActiveCfg = Release|Any CPU
		{39D6D0D1-A589-4F81-81DC-745B175F9295}.Release|Any CPU.Build.0 = Release|Any CPU
		{481DC610-DFC4-48DA-AF0E-9D17F451B61B}.Debug|Any CPU.ActiveCfg = Debug|Any CPU
		{481DC610-DFC4-48DA-AF0E-9D17F451B61B}.Debug|Any CPU.Build.0 = Debug|Any CPU
		{481DC610-DFC4-48DA-AF0E-9D17F451B61B}.Release|Any CPU.ActiveCfg = Release|Any CPU
		{481DC610-DFC4-48DA-AF0E-9D17F451B61B}.Release|Any CPU.Build.0 = Release|Any CPU
		{1893CC76-3953-4530-B59A-43033BF626B0}.Debug|Any CPU.ActiveCfg = Debug|Any CPU
		{1893CC76-3953-4530-B59A-43033BF626B0}.Debug|Any CPU.Build.0 = Debug|Any CPU
		{1893CC76-3953-4530-B59A-43033BF626B0}.Release|Any CPU.ActiveCfg = Release|Any CPU
		{1893CC76-3953-4530-B59A-43033BF626B0}.Release|Any CPU.Build.0 = Release|Any CPU
		{7CE29D90-D0AE-4812-8FD4-7B8FCC5F3CAF}.Debug|Any CPU.ActiveCfg = Debug|Any CPU
		{7CE29D90-D0AE-4812-8FD4-7B8FCC5F3CAF}.Debug|Any CPU.Build.0 = Debug|Any CPU
		{7CE29D90-D0AE-4812-8FD4-7B8FCC5F3CAF}.Release|Any CPU.ActiveCfg = Release|Any CPU
		{7CE29D90-D0AE-4812-8FD4-7B8FCC5F3CAF}.Release|Any CPU.Build.0 = Release|Any CPU
		{E4268970-8E77-42D6-8BFD-D30039D59488}.Debug|Any CPU.ActiveCfg = Debug|Any CPU
		{E4268970-8E77-42D6-8BFD-D30039D59488}.Debug|Any CPU.Build.0 = Debug|Any CPU
		{E4268970-8E77-42D6-8BFD-D30039D59488}.Release|Any CPU.ActiveCfg = Release|Any CPU
		{E4268970-8E77-42D6-8BFD-D30039D59488}.Release|Any CPU.Build.0 = Release|Any CPU
		{3C676D60-43DC-4718-AC74-A5703781D402}.Debug|Any CPU.ActiveCfg = Debug|Any CPU
		{3C676D60-43DC-4718-AC74-A5703781D402}.Debug|Any CPU.Build.0 = Debug|Any CPU
		{3C676D60-43DC-4718-AC74-A5703781D402}.Release|Any CPU.ActiveCfg = Release|Any CPU
		{3C676D60-43DC-4718-AC74-A5703781D402}.Release|Any CPU.Build.0 = Release|Any CPU
		{F60F3B03-4C86-4EA3-A626-63942D2A72C6}.Debug|Any CPU.ActiveCfg = Debug|Any CPU
		{F60F3B03-4C86-4EA3-A626-63942D2A72C6}.Debug|Any CPU.Build.0 = Debug|Any CPU
		{F60F3B03-4C86-4EA3-A626-63942D2A72C6}.Release|Any CPU.ActiveCfg = Release|Any CPU
		{F60F3B03-4C86-4EA3-A626-63942D2A72C6}.Release|Any CPU.Build.0 = Release|Any CPU
		{4B5230C0-D1AE-4AA7-B2C3-D832CBEDCD84}.Debug|Any CPU.ActiveCfg = Debug|Any CPU
		{4B5230C0-D1AE-4AA7-B2C3-D832CBEDCD84}.Debug|Any CPU.Build.0 = Debug|Any CPU
		{4B5230C0-D1AE-4AA7-B2C3-D832CBEDCD84}.Release|Any CPU.ActiveCfg = Release|Any CPU
		{4B5230C0-D1AE-4AA7-B2C3-D832CBEDCD84}.Release|Any CPU.Build.0 = Release|Any CPU
		{0515191C-D9AB-4969-9FB3-45C9885D1F8C}.Debug|Any CPU.ActiveCfg = Debug|Any CPU
		{0515191C-D9AB-4969-9FB3-45C9885D1F8C}.Debug|Any CPU.Build.0 = Debug|Any CPU
		{0515191C-D9AB-4969-9FB3-45C9885D1F8C}.Release|Any CPU.ActiveCfg = Release|Any CPU
		{0515191C-D9AB-4969-9FB3-45C9885D1F8C}.Release|Any CPU.Build.0 = Release|Any CPU
		{0CC2665C-6F87-4DB4-B7C4-8BB2C80D2E88}.Debug|Any CPU.ActiveCfg = Debug|Any CPU
		{0CC2665C-6F87-4DB4-B7C4-8BB2C80D2E88}.Debug|Any CPU.Build.0 = Debug|Any CPU
		{0CC2665C-6F87-4DB4-B7C4-8BB2C80D2E88}.Release|Any CPU.ActiveCfg = Release|Any CPU
		{0CC2665C-6F87-4DB4-B7C4-8BB2C80D2E88}.Release|Any CPU.Build.0 = Release|Any CPU
		{1A141BE4-19A3-420D-8BDA-DB4E47C41B2D}.Debug|Any CPU.ActiveCfg = Debug|Any CPU
		{1A141BE4-19A3-420D-8BDA-DB4E47C41B2D}.Debug|Any CPU.Build.0 = Debug|Any CPU
		{1A141BE4-19A3-420D-8BDA-DB4E47C41B2D}.Release|Any CPU.ActiveCfg = Release|Any CPU
		{1A141BE4-19A3-420D-8BDA-DB4E47C41B2D}.Release|Any CPU.Build.0 = Release|Any CPU
	EndGlobalSection
	GlobalSection(SolutionProperties) = preSolution
		HideSolutionNode = FALSE
	EndGlobalSection
	GlobalSection(NestedProjects) = preSolution
		{A3EC147C-55C5-4869-B2A5-66CE295A7898} = {601BA5A4-59BF-4E10-B498-0B55783AC9C9}
		{39D6D0D1-A589-4F81-81DC-745B175F9295} = {601BA5A4-59BF-4E10-B498-0B55783AC9C9}
		{481DC610-DFC4-48DA-AF0E-9D17F451B61B} = {601BA5A4-59BF-4E10-B498-0B55783AC9C9}
		{1893CC76-3953-4530-B59A-43033BF626B0} = {601BA5A4-59BF-4E10-B498-0B55783AC9C9}
		{7CE29D90-D0AE-4812-8FD4-7B8FCC5F3CAF} = {601BA5A4-59BF-4E10-B498-0B55783AC9C9}
		{E4268970-8E77-42D6-8BFD-D30039D59488} = {601BA5A4-59BF-4E10-B498-0B55783AC9C9}
		{3C676D60-43DC-4718-AC74-A5703781D402} = {601BA5A4-59BF-4E10-B498-0B55783AC9C9}
		{F60F3B03-4C86-4EA3-A626-63942D2A72C6} = {601BA5A4-59BF-4E10-B498-0B55783AC9C9}
		{4B5230C0-D1AE-4AA7-B2C3-D832CBEDCD84} = {347C6D68-4920-4E8F-81AF-FFD20FD431A1}
		{0515191C-D9AB-4969-9FB3-45C9885D1F8C} = {347C6D68-4920-4E8F-81AF-FFD20FD431A1}
		{0CC2665C-6F87-4DB4-B7C4-8BB2C80D2E88} = {347C6D68-4920-4E8F-81AF-FFD20FD431A1}
		{1A141BE4-19A3-420D-8BDA-DB4E47C41B2D} = {347C6D68-4920-4E8F-81AF-FFD20FD431A1}
	EndGlobalSection
	GlobalSection(ExtensibilityGlobals) = postSolution
		SolutionGuid = {F8BFB0F4-500E-42BB-B29A-C384FB244FAD}
	EndGlobalSection
EndGlobal
