
Microsoft Visual Studio Solution File, Format Version 12.00
# Visual Studio Version 17
VisualStudioVersion = 17.2.32516.85
MinimumVisualStudioVersion = 10.0.40219.1
Project("{9A19103F-16F7-4668-BE54-9A1E7A4F7556}") = "Tuber.API", "Tuber.API\Tuber.API.csproj", "{A3EC147C-55C5-4869-B2A5-66CE295A7898}"
EndProject
Project("{9A19103F-16F7-4668-BE54-9A1E7A4F7556}") = "Tuber.Domain", "Tuber.Domain\Tuber.Domain.csproj", "{39D6D0D1-A589-4F81-81DC-745B175F9295}"
EndProject
Project("{2150E333-8FDC-42A3-9474-1A3956D46DE8}") = "Solution Items", "Solution Items", "{37441188-A686-487B-A9FC-C950FB7B29A7}"
	ProjectSection(SolutionItems) = preProject
		.editorconfig = .editorconfig
	EndProjectSection
EndProject
Project("{2150E333-8FDC-42A3-9474-1A3956D46DE8}") = "src", "src", "{601BA5A4-59BF-4E10-B498-0B55783AC9C9}"
EndProject
Project("{9A19103F-16F7-4668-BE54-9A1E7A4F7556}") = "Tuber.BLL", "Tuber.BLL\Tuber.BLL.csproj", "{481DC610-DFC4-48DA-AF0E-9D17F451B61B}"
EndProject
Project("{9A19103F-16F7-4668-BE54-9A1E7A4F7556}") = "Tuber.Core", "Tuber.Core\Tuber.Core.csproj", "{1893CC76-3953-4530-B59A-43033BF626B0}"
EndProject
Project("{9A19103F-16F7-4668-BE54-9A1E7A4F7556}") = "Tuber.UnitTests", "Tuber.UnitTests\Tuber.UnitTests.csproj", "{069E67C7-8BAA-4122-BD8F-343D36547136}"
EndProject
Project("{FAE04EC0-301F-11D3-BF4B-00C04F79EFBC}") = "Tuber.DAL", "Tuber.DAL\Tuber.DAL.csproj", "{7CE29D90-D0AE-4812-8FD4-7B8FCC5F3CAF}"
EndProject
Global
	GlobalSection(SolutionConfigurationPlatforms) = preSolution
		Debug|Any CPU = Debug|Any CPU
		Release|Any CPU = Release|Any CPU
	EndGlobalSection
	GlobalSection(ProjectConfigurationPlatforms) = postSolution
		{A3EC147C-55C5-4869-B2A5-66CE295A7898}.Debug|Any CPU.ActiveCfg = Debug|Any CPU
		{A3EC147C-55C5-4869-B2A5-66CE295A7898}.Debug|Any CPU.Build.0 = Debug|Any CPU
		{A3EC147C-55C5-4869-B2A5-66CE295A7898}.Release|Any CPU.ActiveCfg = Release|Any CPU
		{A3EC147C-55C5-4869-B2A5-66CE295A7898}.Release|Any CPU.Build.0 = Release|Any CPU
		{39D6D0D1-A589-4F81-81DC-745B175F9295}.Debug|Any CPU.ActiveCfg = Debug|Any CPU
		{39D6D0D1-A589-4F81-81DC-745B175F9295}.Debug|Any CPU.Build.0 = Debug|Any CPU
		{39D6D0D1-A589-4F81-81DC-745B175F9295}.Release|Any CPU.ActiveCfg = Release|Any CPU
		{39D6D0D1-A589-4F81-81DC-745B175F9295}.Release|Any CPU.Build.0 = Release|Any CPU
		{481DC610-DFC4-48DA-AF0E-9D17F451B61B}.Debug|Any CPU.ActiveCfg = Debug|Any CPU
		{481DC610-DFC4-48DA-AF0E-9D17F451B61B}.Debug|Any CPU.Build.0 = Debug|Any CPU
		{481DC610-DFC4-48DA-AF0E-9D17F451B61B}.Release|Any CPU.ActiveCfg = Release|Any CPU
		{481DC610-DFC4-48DA-AF0E-9D17F451B61B}.Release|Any CPU.Build.0 = Release|Any CPU
		{1893CC76-3953-4530-B59A-43033BF626B0}.Debug|Any CPU.ActiveCfg = Debug|Any CPU
		{1893CC76-3953-4530-B59A-43033BF626B0}.Debug|Any CPU.Build.0 = Debug|Any CPU
		{1893CC76-3953-4530-B59A-43033BF626B0}.Release|Any CPU.ActiveCfg = Release|Any CPU
		{1893CC76-3953-4530-B59A-43033BF626B0}.Release|Any CPU.Build.0 = Release|Any CPU
		{069E67C7-8BAA-4122-BD8F-343D36547136}.Debug|Any CPU.ActiveCfg = Debug|Any CPU
		{069E67C7-8BAA-4122-BD8F-343D36547136}.Debug|Any CPU.Build.0 = Debug|Any CPU
		{069E67C7-8BAA-4122-BD8F-343D36547136}.Release|Any CPU.ActiveCfg = Release|Any CPU
		{069E67C7-8BAA-4122-BD8F-343D36547136}.Release|Any CPU.Build.0 = Release|Any CPU
		{7CE29D90-D0AE-4812-8FD4-7B8FCC5F3CAF}.Debug|Any CPU.ActiveCfg = Debug|Any CPU
		{7CE29D90-D0AE-4812-8FD4-7B8FCC5F3CAF}.Debug|Any CPU.Build.0 = Debug|Any CPU
		{7CE29D90-D0AE-4812-8FD4-7B8FCC5F3CAF}.Release|Any CPU.ActiveCfg = Release|Any CPU
		{7CE29D90-D0AE-4812-8FD4-7B8FCC5F3CAF}.Release|Any CPU.Build.0 = Release|Any CPU
	EndGlobalSection
	GlobalSection(SolutionProperties) = preSolution
		HideSolutionNode = FALSE
	EndGlobalSection
	GlobalSection(NestedProjects) = preSolution
		{A3EC147C-55C5-4869-B2A5-66CE295A7898} = {601BA5A4-59BF-4E10-B498-0B55783AC9C9}
		{39D6D0D1-A589-4F81-81DC-745B175F9295} = {601BA5A4-59BF-4E10-B498-0B55783AC9C9}
		{481DC610-DFC4-48DA-AF0E-9D17F451B61B} = {601BA5A4-59BF-4E10-B498-0B55783AC9C9}
		{1893CC76-3953-4530-B59A-43033BF626B0} = {601BA5A4-59BF-4E10-B498-0B55783AC9C9}
		{069E67C7-8BAA-4122-BD8F-343D36547136} = {601BA5A4-59BF-4E10-B498-0B55783AC9C9}
		{7CE29D90-D0AE-4812-8FD4-7B8FCC5F3CAF} = {601BA5A4-59BF-4E10-B498-0B55783AC9C9}
	EndGlobalSection
	GlobalSection(ExtensibilityGlobals) = postSolution
		SolutionGuid = {F8BFB0F4-500E-42BB-B29A-C384FB244FAD}
	EndGlobalSection
EndGlobal
